// !$*UTF8*$!
{
	archiveVersion = 1;
	classes = {
	};
	objectVersion = 46;
	objects = {

/* Begin PBXBuildFile section */
		BAD5389A1BB9B5D8004AD892 /* main.cpp in Sources */ = {isa = PBXBuildFile; fileRef = BAD538991BB9B5D8004AD892 /* main.cpp */; };
		BAD538A81BBC5190004AD892 /* Geometry.cpp in Sources */ = {isa = PBXBuildFile; fileRef = BAD538A61BBC5190004AD892 /* Geometry.cpp */; };
		BAD538AB1BBE72A6004AD892 /* GeomCV.cpp in Sources */ = {isa = PBXBuildFile; fileRef = BAD538A91BBE72A6004AD892 /* GeomCV.cpp */; };
/* End PBXBuildFile section */

/* Begin PBXCopyFilesBuildPhase section */
		BAD538941BB9B5D8004AD892 /* CopyFiles */ = {
			isa = PBXCopyFilesBuildPhase;
			buildActionMask = 2147483647;
			dstPath = /usr/share/man/man1/;
			dstSubfolderSpec = 0;
			files = (
			);
			runOnlyForDeploymentPostprocessing = 1;
		};
/* End PBXCopyFilesBuildPhase section */

/* Begin PBXFileReference section */
		BAD538961BB9B5D8004AD892 /* CubeSorting */ = {isa = PBXFileReference; explicitFileType = "compiled.mach-o.executable"; includeInIndex = 0; path = CubeSorting; sourceTree = BUILT_PRODUCTS_DIR; };
		BAD538991BB9B5D8004AD892 /* main.cpp */ = {isa = PBXFileReference; lastKnownFileType = sourcecode.cpp.cpp; path = main.cpp; sourceTree = "<group>"; };
		BAD538A41BBAFFFC004AD892 /* GradDesc.h */ = {isa = PBXFileReference; fileEncoding = 4; lastKnownFileType = sourcecode.c.h; path = GradDesc.h; sourceTree = "<group>"; };
		BAD538A61BBC5190004AD892 /* Geometry.cpp */ = {isa = PBXFileReference; fileEncoding = 4; lastKnownFileType = sourcecode.cpp.cpp; path = Geometry.cpp; sourceTree = "<group>"; };
		BAD538A71BBC5190004AD892 /* Geometry.h */ = {isa = PBXFileReference; fileEncoding = 4; lastKnownFileType = sourcecode.c.h; path = Geometry.h; sourceTree = "<group>"; };
		BAD538A91BBE72A6004AD892 /* GeomCV.cpp */ = {isa = PBXFileReference; fileEncoding = 4; lastKnownFileType = sourcecode.cpp.cpp; path = GeomCV.cpp; sourceTree = "<group>"; };
		BAD538AA1BBE72A6004AD892 /* GeomCV.h */ = {isa = PBXFileReference; fileEncoding = 4; lastKnownFileType = sourcecode.c.h; path = GeomCV.h; sourceTree = "<group>"; };
/* End PBXFileReference section */

/* Begin PBXFrameworksBuildPhase section */
		BAD538931BB9B5D8004AD892 /* Frameworks */ = {
			isa = PBXFrameworksBuildPhase;
			buildActionMask = 2147483647;
			files = (
			);
			runOnlyForDeploymentPostprocessing = 0;
		};
/* End PBXFrameworksBuildPhase section */

/* Begin PBXGroup section */
		BAD5388D1BB9B5D8004AD892 = {
			isa = PBXGroup;
			children = (
				BAD538981BB9B5D8004AD892 /* CubeSorting */,
				BAD538971BB9B5D8004AD892 /* Products */,
			);
			sourceTree = "<group>";
		};
		BAD538971BB9B5D8004AD892 /* Products */ = {
			isa = PBXGroup;
			children = (
				BAD538961BB9B5D8004AD892 /* CubeSorting */,
			);
			name = Products;
			sourceTree = "<group>";
		};
		BAD538981BB9B5D8004AD892 /* CubeSorting */ = {
			isa = PBXGroup;
			children = (
				BAD538991BB9B5D8004AD892 /* main.cpp */,
				BAD538A91BBE72A6004AD892 /* GeomCV.cpp */,
				BAD538AA1BBE72A6004AD892 /* GeomCV.h */,
				BAD538A41BBAFFFC004AD892 /* GradDesc.h */,
				BAD538A61BBC5190004AD892 /* Geometry.cpp */,
				BAD538A71BBC5190004AD892 /* Geometry.h */,
			);
			path = CubeSorting;
			sourceTree = "<group>";
		};
/* End PBXGroup section */

/* Begin PBXNativeTarget section */
		BAD538951BB9B5D8004AD892 /* CubeSorting */ = {
			isa = PBXNativeTarget;
			buildConfigurationList = BAD5389D1BB9B5D8004AD892 /* Build configuration list for PBXNativeTarget "CubeSorting" */;
			buildPhases = (
				BAD538921BB9B5D8004AD892 /* Sources */,
				BAD538931BB9B5D8004AD892 /* Frameworks */,
				BAD538941BB9B5D8004AD892 /* CopyFiles */,
			);
			buildRules = (
			);
			dependencies = (
			);
			name = CubeSorting;
			productName = CubeSorting;
			productReference = BAD538961BB9B5D8004AD892 /* CubeSorting */;
			productType = "com.apple.product-type.tool";
		};
/* End PBXNativeTarget section */

/* Begin PBXProject section */
		BAD5388E1BB9B5D8004AD892 /* Project object */ = {
			isa = PBXProject;
			attributes = {
				LastUpgradeCheck = 0700;
				ORGANIZATIONNAME = "Henry Jackson";
				TargetAttributes = {
					BAD538951BB9B5D8004AD892 = {
						CreatedOnToolsVersion = 6.3.2;
					};
				};
			};
			buildConfigurationList = BAD538911BB9B5D8004AD892 /* Build configuration list for PBXProject "CubeSorting" */;
			compatibilityVersion = "Xcode 3.2";
			developmentRegion = English;
			hasScannedForEncodings = 0;
			knownRegions = (
				en,
			);
			mainGroup = BAD5388D1BB9B5D8004AD892;
			productRefGroup = BAD538971BB9B5D8004AD892 /* Products */;
			projectDirPath = "";
			projectRoot = "";
			targets = (
				BAD538951BB9B5D8004AD892 /* CubeSorting */,
			);
		};
/* End PBXProject section */

/* Begin PBXSourcesBuildPhase section */
		BAD538921BB9B5D8004AD892 /* Sources */ = {
			isa = PBXSourcesBuildPhase;
			buildActionMask = 2147483647;
			files = (
				BAD5389A1BB9B5D8004AD892 /* main.cpp in Sources */,
				BAD538AB1BBE72A6004AD892 /* GeomCV.cpp in Sources */,
				BAD538A81BBC5190004AD892 /* Geometry.cpp in Sources */,
			);
			runOnlyForDeploymentPostprocessing = 0;
		};
/* End PBXSourcesBuildPhase section */

/* Begin XCBuildConfiguration section */
		BAD5389B1BB9B5D8004AD892 /* Debug */ = {
			isa = XCBuildConfiguration;
			buildSettings = {
				ALWAYS_SEARCH_USER_PATHS = NO;
				CLANG_CXX_LANGUAGE_STANDARD = "gnu++0x";
				CLANG_CXX_LIBRARY = "libc++";
				CLANG_ENABLE_MODULES = YES;
				CLANG_ENABLE_OBJC_ARC = YES;
				CLANG_WARN_BOOL_CONVERSION = YES;
				CLANG_WARN_CONSTANT_CONVERSION = YES;
				CLANG_WARN_DIRECT_OBJC_ISA_USAGE = YES_ERROR;
				CLANG_WARN_EMPTY_BODY = YES;
				CLANG_WARN_ENUM_CONVERSION = YES;
				CLANG_WARN_INT_CONVERSION = YES;
				CLANG_WARN_OBJC_ROOT_CLASS = YES_ERROR;
				CLANG_WARN_UNREACHABLE_CODE = YES;
				CLANG_WARN__DUPLICATE_METHOD_MATCH = YES;
				COPY_PHASE_STRIP = NO;
				DEBUG_INFORMATION_FORMAT = dwarf;
				ENABLE_STRICT_OBJC_MSGSEND = YES;
				ENABLE_TESTABILITY = YES;
				GCC_C_LANGUAGE_STANDARD = gnu99;
				GCC_DYNAMIC_NO_PIC = NO;
				GCC_NO_COMMON_BLOCKS = YES;
				GCC_OPTIMIZATION_LEVEL = 0;
				GCC_PREPROCESSOR_DEFINITIONS = (
					"DEBUG=1",
					"$(inherited)",
				);
				GCC_SYMBOLS_PRIVATE_EXTERN = NO;
				GCC_WARN_64_TO_32_BIT_CONVERSION = YES;
				GCC_WARN_ABOUT_RETURN_TYPE = YES_ERROR;
				GCC_WARN_UNDECLARED_SELECTOR = YES;
				GCC_WARN_UNINITIALIZED_AUTOS = YES_AGGRESSIVE;
				GCC_WARN_UNUSED_FUNCTION = YES;
				GCC_WARN_UNUSED_VARIABLE = YES;
				MACOSX_DEPLOYMENT_TARGET = 10.10;
				MTL_ENABLE_DEBUG_INFO = YES;
				ONLY_ACTIVE_ARCH = YES;
				SDKROOT = macosx;
			};
			name = Debug;
		};
		BAD5389C1BB9B5D8004AD892 /* Release */ = {
			isa = XCBuildConfiguration;
			buildSettings = {
				ALWAYS_SEARCH_USER_PATHS = NO;
				CLANG_CXX_LANGUAGE_STANDARD = "gnu++0x";
				CLANG_CXX_LIBRARY = "libc++";
				CLANG_ENABLE_MODULES = YES;
				CLANG_ENABLE_OBJC_ARC = YES;
				CLANG_WARN_BOOL_CONVERSION = YES;
				CLANG_WARN_CONSTANT_CONVERSION = YES;
				CLANG_WARN_DIRECT_OBJC_ISA_USAGE = YES_ERROR;
				CLANG_WARN_EMPTY_BODY = YES;
				CLANG_WARN_ENUM_CONVERSION = YES;
				CLANG_WARN_INT_CONVERSION = YES;
				CLANG_WARN_OBJC_ROOT_CLASS = YES_ERROR;
				CLANG_WARN_UNREACHABLE_CODE = YES;
				CLANG_WARN__DUPLICATE_METHOD_MATCH = YES;
				COPY_PHASE_STRIP = NO;
				DEBUG_INFORMATION_FORMAT = "dwarf-with-dsym";
				ENABLE_NS_ASSERTIONS = NO;
				ENABLE_STRICT_OBJC_MSGSEND = YES;
				GCC_C_LANGUAGE_STANDARD = gnu99;
				GCC_NO_COMMON_BLOCKS = YES;
				GCC_WARN_64_TO_32_BIT_CONVERSION = YES;
				GCC_WARN_ABOUT_RETURN_TYPE = YES_ERROR;
				GCC_WARN_UNDECLARED_SELECTOR = YES;
				GCC_WARN_UNINITIALIZED_AUTOS = YES_AGGRESSIVE;
				GCC_WARN_UNUSED_FUNCTION = YES;
				GCC_WARN_UNUSED_VARIABLE = YES;
				MACOSX_DEPLOYMENT_TARGET = 10.10;
				MTL_ENABLE_DEBUG_INFO = NO;
				SDKROOT = macosx;
			};
			name = Release;
		};
		BAD5389E1BB9B5D8004AD892 /* Debug */ = {
			isa = XCBuildConfiguration;
			buildSettings = {
				HEADER_SEARCH_PATHS = (
					"$(inherited)",
					/Applications/Xcode.app/Contents/Developer/Toolchains/XcodeDefault.xctoolchain/usr/include,
					/usr/local/include,
				);
				LIBRARY_SEARCH_PATHS = /usr/local/lib;
				OTHER_LDFLAGS = (
					"-lopencv_imgcodecs",
					"-lopencv_imgproc",
					"-lopencv_highgui",
					"-lopencv_core",
				);
				PRODUCT_NAME = "$(TARGET_NAME)";
				VALID_ARCHS = "i386 x86_64";
			};
			name = Debug;
		};
		BAD5389F1BB9B5D8004AD892 /* Release */ = {
			isa = XCBuildConfiguration;
			buildSettings = {
				HEADER_SEARCH_PATHS = (
					"$(inherited)",
					/Applications/Xcode.app/Contents/Developer/Toolchains/XcodeDefault.xctoolchain/usr/include,
					/usr/local/include,
				);
				LIBRARY_SEARCH_PATHS = /usr/local/lib;
				OTHER_LDFLAGS = (
					"-lopencv_imgcodecs",
					"-lopencv_imgproc",
					"-lopencv_highgui",
					"-lopencv_core",
				);
				PRODUCT_NAME = "$(TARGET_NAME)";
				VALID_ARCHS = "i386 x86_64";
			};
			name = Release;
		};
/* End XCBuildConfiguration section */

/* Begin XCConfigurationList section */
		BAD538911BB9B5D8004AD892 /* Build configuration list for PBXProject "CubeSorting" */ = {
			isa = XCConfigurationList;
			buildConfigurations = (
				BAD5389B1BB9B5D8004AD892 /* Debug */,
				BAD5389C1BB9B5D8004AD892 /* Release */,
			);
			defaultConfigurationIsVisible = 0;
			defaultConfigurationName = Release;
		};
		BAD5389D1BB9B5D8004AD892 /* Build configuration list for PBXNativeTarget "CubeSorting" */ = {
			isa = XCConfigurationList;
			buildConfigurations = (
				BAD5389E1BB9B5D8004AD892 /* Debug */,
				BAD5389F1BB9B5D8004AD892 /* Release */,
			);
			defaultConfigurationIsVisible = 0;
			defaultConfigurationName = Release;
		};
/* End XCConfigurationList section */
	};
	rootObject = BAD5388E1BB9B5D8004AD892 /* Project object */;
}
